
Microsoft Visual Studio Solution File, Format Version 12.00
# Visual Studio Version 16
VisualStudioVersion = 16.0.30104.148
MinimumVisualStudioVersion = 10.0.40219.1
Project("{9A19103F-16F7-4668-BE54-9A1E7A4F7556}") = "Polinscriptor", "Polinscriptor\Polinscriptor.csproj", "{63C400F6-61DB-4AC1-BCC3-B03C4CE26818}"
EndProject
Project("{54435603-DBB4-11D2-8724-00A0C9A8B90C}") = "Setup1", "Setup1\Setup1.vdproj", "{3E692088-2262-45DF-825D-4A95365AB6F2}"
EndProject
Global
	GlobalSection(SolutionConfigurationPlatforms) = preSolution
		Debug|Any CPU = Debug|Any CPU
		Release|Any CPU = Release|Any CPU
	EndGlobalSection
	GlobalSection(ProjectConfigurationPlatforms) = postSolution
		{63C400F6-61DB-4AC1-BCC3-B03C4CE26818}.Debug|Any CPU.ActiveCfg = Debug|Any CPU
		{63C400F6-61DB-4AC1-BCC3-B03C4CE26818}.Debug|Any CPU.Build.0 = Debug|Any CPU
		{63C400F6-61DB-4AC1-BCC3-B03C4CE26818}.Release|Any CPU.ActiveCfg = Release|Any CPU
		{63C400F6-61DB-4AC1-BCC3-B03C4CE26818}.Release|Any CPU.Build.0 = Release|Any CPU
		{3E692088-2262-45DF-825D-4A95365AB6F2}.Debug|Any CPU.ActiveCfg = Debug
		{3E692088-2262-45DF-825D-4A95365AB6F2}.Release|Any CPU.ActiveCfg = Release
	EndGlobalSection
	GlobalSection(SolutionProperties) = preSolution
		HideSolutionNode = FALSE
	EndGlobalSection
	GlobalSection(ExtensibilityGlobals) = postSolution
		SolutionGuid = {EF8E5CD4-0076-4F21-B6EE-2194329E655B}
	EndGlobalSection
EndGlobal
